{
    "_readme": [
        "This file locks the dependencies of your project to a known state",
        "Read more about it at https://getcomposer.org/doc/01-basic-usage.md#installing-dependencies",
        "This file is @generated automatically"
    ],
    "content-hash": "66a43e89ac254e05173aadf23cbed19c",
    "packages": [
        {
            "name": "donatj/phpuseragentparser",
            "version": "v1.7.0",
            "source": {
                "type": "git",
                "url": "https://github.com/donatj/PhpUserAgent.git",
                "reference": "a35900b93530715f8669c10e49756adde5c8e6fc"
            },
            "dist": {
                "type": "zip",
                "url": "https://api.github.com/repos/donatj/PhpUserAgent/zipball/a35900b93530715f8669c10e49756adde5c8e6fc",
                "reference": "a35900b93530715f8669c10e49756adde5c8e6fc",
                "shasum": ""
            },
            "require": {
                "php": ">=5.4.0"
            },
            "require-dev": {
                "camspiers/json-pretty": "~1.0",
                "donatj/drop": "*",
                "ext-json": "*",
                "phpunit/phpunit": "~4.8|~9"
            },
            "type": "library",
            "autoload": {
                "files": [
                    "src/UserAgentParser.php"
                ],
                "psr-4": {
                    "donatj\\UserAgent\\": "src/UserAgent"
                }
            },
            "notification-url": "https://packagist.org/downloads/",
            "license": [
                "MIT"
            ],
            "authors": [
                {
                    "name": "Jesse G. Donat",
                    "email": "donatj@gmail.com",
                    "homepage": "https://donatstudios.com",
                    "role": "Developer"
                }
            ],
            "description": "Lightning fast, minimalist PHP UserAgent string parser.",
            "homepage": "https://donatstudios.com/PHP-Parser-HTTP_USER_AGENT",
            "keywords": [
                "browser",
                "browser detection",
                "parser",
                "user agent",
                "useragent"
            ],
            "support": {
                "issues": "https://github.com/donatj/PhpUserAgent/issues",
                "source": "https://github.com/donatj/PhpUserAgent/tree/v1.7.0"
            },
            "funding": [
                {
                    "url": "https://www.paypal.me/donatj/15",
                    "type": "custom"
                },
                {
                    "url": "https://github.com/donatj",
                    "type": "github"
                }
            ],
            "time": "2022-08-06T15:41:58+00:00"
        },
        {
            "name": "mekas/package-user-agent-int-test",
            "version": "dev-master",
            "source": {
                "type": "git",
                "url": "https://github.com/mekasp/package-user-agent-int-test.git",
                "reference": "872797e2ce120c7fea5f2425cc31b19b57f1230c"
            },
            "dist": {
                "type": "zip",
                "url": "https://api.github.com/repos/mekasp/package-user-agent-int-test/zipball/872797e2ce120c7fea5f2425cc31b19b57f1230c",
                "reference": "872797e2ce120c7fea5f2425cc31b19b57f1230c",
                "shasum": ""
            },
            "default-branch": true,
            "type": "library",
            "autoload": {
                "psr-4": {
                    "Mekas\\UserAgent\\Int\\Test\\": "./src"
                }
            },
            "notification-url": "https://packagist.org/downloads/",
            "license": [
                "MIT"
            ],
            "description": "short",
            "support": {
                "issues": "https://github.com/mekasp/package-user-agent-int-test/issues",
                "source": "https://github.com/mekasp/package-user-agent-int-test/tree/master"
            },
            "time": "2022-11-10T18:27:04+00:00"
        }
    ],
    "packages-dev": [],
    "aliases": [],
    "minimum-stability": "dev",
    "stability-flags": {
        "mekas/package-user-agent-int-test": 20
    },
    "prefer-stable": false,
    "prefer-lowest": false,
    "platform": [],
    "platform-dev": [],
    "plugin-api-version": "2.3.0"
}
